
Microsoft Visual Studio Solution File, Format Version 12.00
# Visual Studio Version 16
VisualStudioVersion = 16.0.31515.178
MinimumVisualStudioVersion = 10.0.40219.1
Project("{00D1A9C2-B5F0-4AF3-8072-F6C62B433612}") = "Staging", "Staging.sqlproj", "{43E733CA-1712-45F5-B947-6B61AC92143C}"
EndProject
Global
	GlobalSection(SolutionConfigurationPlatforms) = preSolution
		Debug|Any CPU = Debug|Any CPU
		Release|Any CPU = Release|Any CPU
	EndGlobalSection
	GlobalSection(ProjectConfigurationPlatforms) = postSolution
		{43E733CA-1712-45F5-B947-6B61AC92143C}.Debug|Any CPU.ActiveCfg = Debug|Any CPU
		{43E733CA-1712-45F5-B947-6B61AC92143C}.Debug|Any CPU.Build.0 = Debug|Any CPU
		{43E733CA-1712-45F5-B947-6B61AC92143C}.Debug|Any CPU.Deploy.0 = Debug|Any CPU
		{43E733CA-1712-45F5-B947-6B61AC92143C}.Release|Any CPU.ActiveCfg = Release|Any CPU
		{43E733CA-1712-45F5-B947-6B61AC92143C}.Release|Any CPU.Build.0 = Release|Any CPU
		{43E733CA-1712-45F5-B947-6B61AC92143C}.Release|Any CPU.Deploy.0 = Release|Any CPU
	EndGlobalSection
	GlobalSection(SolutionProperties) = preSolution
		HideSolutionNode = FALSE
	EndGlobalSection
	GlobalSection(ExtensibilityGlobals) = postSolution
		SolutionGuid = {F5B55A10-7EEA-44FB-8EC4-4F519B73F79B}
	EndGlobalSection
EndGlobal
